
Microsoft Visual Studio Solution File, Format Version 12.00
# Visual Studio Version 16
VisualStudioVersion = 16.0.34931.43
MinimumVisualStudioVersion = 10.0.40219.1
Project("{FAE04EC0-301F-11D3-BF4B-00C04F79EFBC}") = "GitPracticeProject", "GitPracticeProject\GitPracticeProject.csproj", "{EC4EE078-6B5F-40C2-898C-93A84B305D2F}"
EndProject
Global
	GlobalSection(SolutionConfigurationPlatforms) = preSolution
		Debug|Any CPU = Debug|Any CPU
		Release|Any CPU = Release|Any CPU
	EndGlobalSection
	GlobalSection(ProjectConfigurationPlatforms) = postSolution
		{EC4EE078-6B5F-40C2-898C-93A84B305D2F}.Debug|Any CPU.ActiveCfg = Debug|Any CPU
		{EC4EE078-6B5F-40C2-898C-93A84B305D2F}.Debug|Any CPU.Build.0 = Debug|Any CPU
		{EC4EE078-6B5F-40C2-898C-93A84B305D2F}.Release|Any CPU.ActiveCfg = Release|Any CPU
		{EC4EE078-6B5F-40C2-898C-93A84B305D2F}.Release|Any CPU.Build.0 = Release|Any CPU
	EndGlobalSection
	GlobalSection(SolutionProperties) = preSolution
		HideSolutionNode = FALSE
	EndGlobalSection
	GlobalSection(ExtensibilityGlobals) = postSolution
		SolutionGuid = {EFABB356-C750-4A0E-B189-681E8E3F4AE2}
	EndGlobalSection
EndGlobal
